
Microsoft Visual Studio Solution File, Format Version 12.00
Project("{FAE04EC0-301F-11D3-BF4B-00C04F79EFBC}") = "QuickGraph", "src\QuickGraph\QuickGraph.csproj", "{2C4824F1-C45E-4BAC-BE68-79D57E9D6D5F}"
EndProject
Project("{FAE04EC0-301F-11D3-BF4B-00C04F79EFBC}") = "QuickGraph.Tests", "tests\QuickGraph.Tests\QuickGraph.Tests.csproj", "{A99402E3-242C-4A4A-8F00-D60993167930}"
EndProject
Global
	GlobalSection(SolutionConfigurationPlatforms) = preSolution
		Debug|Any CPU = Debug|Any CPU
		Release|Any CPU = Release|Any CPU
	EndGlobalSection
	GlobalSection(ProjectConfigurationPlatforms) = postSolution
		{2C4824F1-C45E-4BAC-BE68-79D57E9D6D5F}.Debug|Any CPU.ActiveCfg = Debug|Any CPU
		{2C4824F1-C45E-4BAC-BE68-79D57E9D6D5F}.Debug|Any CPU.Build.0 = Debug|Any CPU
		{2C4824F1-C45E-4BAC-BE68-79D57E9D6D5F}.Release|Any CPU.ActiveCfg = Release|Any CPU
		{2C4824F1-C45E-4BAC-BE68-79D57E9D6D5F}.Release|Any CPU.Build.0 = Release|Any CPU
		{A99402E3-242C-4A4A-8F00-D60993167930}.Debug|Any CPU.ActiveCfg = Debug|Any CPU
		{A99402E3-242C-4A4A-8F00-D60993167930}.Debug|Any CPU.Build.0 = Debug|Any CPU
		{A99402E3-242C-4A4A-8F00-D60993167930}.Release|Any CPU.ActiveCfg = Release|Any CPU
		{A99402E3-242C-4A4A-8F00-D60993167930}.Release|Any CPU.Build.0 = Release|Any CPU
	EndGlobalSection
EndGlobal
